
Microsoft Visual Studio Solution File, Format Version 12.00
# Visual Studio Version 16
VisualStudioVersion = 16.0.30804.86
MinimumVisualStudioVersion = 10.0.40219.1
Project("{9A19103F-16F7-4668-BE54-9A1E7A4F7556}") = "TastyMeals", "TastyMeals.csproj", "{F8471ED4-6C7D-4007-95D1-5B6772C2EEFC}"
EndProject
Project("{9A19103F-16F7-4668-BE54-9A1E7A4F7556}") = "TastyMeals.Tests", "..\MealFridge.Tests\TastyMeals.Tests.csproj", "{EA9F5FDD-98E2-460A-B862-03BE629A79F2}"
EndProject
Project("{9092AA53-FB77-4645-B42D-1CCCA6BD08BD}") = "TastyMeals.JSTests", "..\Mealfridge.JSTests\TastyMeals.JSTests.njsproj", "{37509EFB-179A-47FC-8EFD-86F2E5AA2678}"
EndProject
Global
	GlobalSection(SolutionConfigurationPlatforms) = preSolution
		Debug|Any CPU = Debug|Any CPU
		Release|Any CPU = Release|Any CPU
	EndGlobalSection
	GlobalSection(ProjectConfigurationPlatforms) = postSolution
		{F8471ED4-6C7D-4007-95D1-5B6772C2EEFC}.Debug|Any CPU.ActiveCfg = Debug|Any CPU
		{F8471ED4-6C7D-4007-95D1-5B6772C2EEFC}.Debug|Any CPU.Build.0 = Debug|Any CPU
		{F8471ED4-6C7D-4007-95D1-5B6772C2EEFC}.Release|Any CPU.ActiveCfg = Release|Any CPU
		{F8471ED4-6C7D-4007-95D1-5B6772C2EEFC}.Release|Any CPU.Build.0 = Release|Any CPU
		{EA9F5FDD-98E2-460A-B862-03BE629A79F2}.Debug|Any CPU.ActiveCfg = Debug|Any CPU
		{EA9F5FDD-98E2-460A-B862-03BE629A79F2}.Debug|Any CPU.Build.0 = Debug|Any CPU
		{EA9F5FDD-98E2-460A-B862-03BE629A79F2}.Release|Any CPU.ActiveCfg = Release|Any CPU
		{EA9F5FDD-98E2-460A-B862-03BE629A79F2}.Release|Any CPU.Build.0 = Release|Any CPU
		{37509EFB-179A-47FC-8EFD-86F2E5AA2678}.Debug|Any CPU.ActiveCfg = Debug|Any CPU
		{37509EFB-179A-47FC-8EFD-86F2E5AA2678}.Release|Any CPU.ActiveCfg = Release|Any CPU
	EndGlobalSection
	GlobalSection(SolutionProperties) = preSolution
		HideSolutionNode = FALSE
	EndGlobalSection
	GlobalSection(ExtensibilityGlobals) = postSolution
		SolutionGuid = {BD108E53-FCB4-4C2A-AA5B-CA14056E2FB0}
	EndGlobalSection
EndGlobal
